
Microsoft Visual Studio Solution File, Format Version 12.00
# Visual Studio Version 16
VisualStudioVersion = 16.0.30413.136
MinimumVisualStudioVersion = 10.0.40219.1
Project("{8BC9CEB8-8B4A-11D0-8D11-00A0C91BC942}") = "CVNet_DatasetBuilder", "CVNet_DatasetBuilder\CVNet_DatasetBuilder.vcxproj", "{37254FB9-D6CD-4CDB-B538-0F51546AFEFD}"
EndProject
Project("{8BC9CEB8-8B4A-11D0-8D11-00A0C91BC942}") = "CVNet_Trainer", "CVNet_Trainer\CVNet_Trainer.vcxproj", "{EB740AF9-9F7E-4DCC-BFD1-4D58F92FCC2D}"
EndProject
Global
	GlobalSection(SolutionConfigurationPlatforms) = preSolution
		Debug|x64 = Debug|x64
		Debug|x86 = Debug|x86
		Release|x64 = Release|x64
		Release|x86 = Release|x86
	EndGlobalSection
	GlobalSection(ProjectConfigurationPlatforms) = postSolution
		{37254FB9-D6CD-4CDB-B538-0F51546AFEFD}.Debug|x64.ActiveCfg = Debug|x64
		{37254FB9-D6CD-4CDB-B538-0F51546AFEFD}.Debug|x64.Build.0 = Debug|x64
		{37254FB9-D6CD-4CDB-B538-0F51546AFEFD}.Debug|x86.ActiveCfg = Debug|Win32
		{37254FB9-D6CD-4CDB-B538-0F51546AFEFD}.Debug|x86.Build.0 = Debug|Win32
		{37254FB9-D6CD-4CDB-B538-0F51546AFEFD}.Release|x64.ActiveCfg = Release|x64
		{37254FB9-D6CD-4CDB-B538-0F51546AFEFD}.Release|x64.Build.0 = Release|x64
		{37254FB9-D6CD-4CDB-B538-0F51546AFEFD}.Release|x86.ActiveCfg = Release|Win32
		{37254FB9-D6CD-4CDB-B538-0F51546AFEFD}.Release|x86.Build.0 = Release|Win32
		{EB740AF9-9F7E-4DCC-BFD1-4D58F92FCC2D}.Debug|x64.ActiveCfg = Debug|x64
		{EB740AF9-9F7E-4DCC-BFD1-4D58F92FCC2D}.Debug|x64.Build.0 = Debug|x64
		{EB740AF9-9F7E-4DCC-BFD1-4D58F92FCC2D}.Debug|x86.ActiveCfg = Debug|Win32
		{EB740AF9-9F7E-4DCC-BFD1-4D58F92FCC2D}.Debug|x86.Build.0 = Debug|Win32
		{EB740AF9-9F7E-4DCC-BFD1-4D58F92FCC2D}.Release|x64.ActiveCfg = Release|x64
		{EB740AF9-9F7E-4DCC-BFD1-4D58F92FCC2D}.Release|x64.Build.0 = Release|x64
		{EB740AF9-9F7E-4DCC-BFD1-4D58F92FCC2D}.Release|x86.ActiveCfg = Release|Win32
		{EB740AF9-9F7E-4DCC-BFD1-4D58F92FCC2D}.Release|x86.Build.0 = Release|Win32
	EndGlobalSection
	GlobalSection(SolutionProperties) = preSolution
		HideSolutionNode = FALSE
	EndGlobalSection
	GlobalSection(ExtensibilityGlobals) = postSolution
		SolutionGuid = {EE8C79D7-FEF7-4125-9014-B35E1D0CFAE1}
	EndGlobalSection
EndGlobal
